
Microsoft Visual Studio Solution File, Format Version 12.00
# Visual Studio Version 17
VisualStudioVersion = 17.1.32328.378
MinimumVisualStudioVersion = 10.0.40219.1
Project("{9A19103F-16F7-4668-BE54-9A1E7A4F7556}") = "Archive", "Archive\Archive.csproj", "{49AE3B39-A69F-4536-9B4A-4BC47471D0E1}"
EndProject
Project("{9A19103F-16F7-4668-BE54-9A1E7A4F7556}") = "ArchiveStorage", "AArchiveStorage\ArchiveStorage.csproj", "{AD468E48-11B5-4E16-ADEF-C9EEE37BE67D}"
EndProject
Project("{9A19103F-16F7-4668-BE54-9A1E7A4F7556}") = "ArchiveLogic", "ArchiveLogic\ArchiveLogic.csproj", "{1F8A8F5C-D63D-458E-B5E2-0AF44291FED0}"
EndProject
Project("{2150E333-8FDC-42A3-9474-1A3956D46DE8}") = "Solution Items", "Solution Items", "{6CBC3058-612E-4D55-92F9-D7272526EF0E}"
	ProjectSection(SolutionItems) = preProject
		.editorconfig = .editorconfig
	EndProjectSection
EndProject
Global
	GlobalSection(SolutionConfigurationPlatforms) = preSolution
		Debug|Any CPU = Debug|Any CPU
		Release|Any CPU = Release|Any CPU
	EndGlobalSection
	GlobalSection(ProjectConfigurationPlatforms) = postSolution
		{49AE3B39-A69F-4536-9B4A-4BC47471D0E1}.Debug|Any CPU.ActiveCfg = Debug|Any CPU
		{49AE3B39-A69F-4536-9B4A-4BC47471D0E1}.Debug|Any CPU.Build.0 = Debug|Any CPU
		{49AE3B39-A69F-4536-9B4A-4BC47471D0E1}.Release|Any CPU.ActiveCfg = Release|Any CPU
		{49AE3B39-A69F-4536-9B4A-4BC47471D0E1}.Release|Any CPU.Build.0 = Release|Any CPU
		{AD468E48-11B5-4E16-ADEF-C9EEE37BE67D}.Debug|Any CPU.ActiveCfg = Debug|Any CPU
		{AD468E48-11B5-4E16-ADEF-C9EEE37BE67D}.Debug|Any CPU.Build.0 = Debug|Any CPU
		{AD468E48-11B5-4E16-ADEF-C9EEE37BE67D}.Release|Any CPU.ActiveCfg = Release|Any CPU
		{AD468E48-11B5-4E16-ADEF-C9EEE37BE67D}.Release|Any CPU.Build.0 = Release|Any CPU
		{1F8A8F5C-D63D-458E-B5E2-0AF44291FED0}.Debug|Any CPU.ActiveCfg = Debug|Any CPU
		{1F8A8F5C-D63D-458E-B5E2-0AF44291FED0}.Debug|Any CPU.Build.0 = Debug|Any CPU
		{1F8A8F5C-D63D-458E-B5E2-0AF44291FED0}.Release|Any CPU.ActiveCfg = Release|Any CPU
		{1F8A8F5C-D63D-458E-B5E2-0AF44291FED0}.Release|Any CPU.Build.0 = Release|Any CPU
	EndGlobalSection
	GlobalSection(SolutionProperties) = preSolution
		HideSolutionNode = FALSE
	EndGlobalSection
	GlobalSection(ExtensibilityGlobals) = postSolution
		SolutionGuid = {85930DEB-3979-45C3-9670-AF70FD3FB494}
	EndGlobalSection
EndGlobal
